
Microsoft Visual Studio Solution File, Format Version 12.00
# Visual Studio Version 16
VisualStudioVersion = 16.0.28729.10
MinimumVisualStudioVersion = 10.0.40219.1
Project("{FAE04EC0-301F-11D3-BF4B-00C04F79EFBC}") = "TeamBoardApiServer", "TeamBoardApiServer\TeamBoardApiServer.csproj", "{E0EC9651-1D8F-4641-AEE4-F696D016577C}"
EndProject
Global
	GlobalSection(SolutionConfigurationPlatforms) = preSolution
		Debug|Any CPU = Debug|Any CPU
		Release|Any CPU = Release|Any CPU
	EndGlobalSection
	GlobalSection(ProjectConfigurationPlatforms) = postSolution
		{E0EC9651-1D8F-4641-AEE4-F696D016577C}.Debug|Any CPU.ActiveCfg = Debug|Any CPU
		{E0EC9651-1D8F-4641-AEE4-F696D016577C}.Debug|Any CPU.Build.0 = Debug|Any CPU
		{E0EC9651-1D8F-4641-AEE4-F696D016577C}.Release|Any CPU.ActiveCfg = Release|Any CPU
		{E0EC9651-1D8F-4641-AEE4-F696D016577C}.Release|Any CPU.Build.0 = Release|Any CPU
	EndGlobalSection
	GlobalSection(SolutionProperties) = preSolution
		HideSolutionNode = FALSE
	EndGlobalSection
	GlobalSection(ExtensibilityGlobals) = postSolution
		SolutionGuid = {A592AC00-9149-4CB6-A1D8-D0A6418A466F}
	EndGlobalSection
EndGlobal
